{
  "originHash" : "4d5b735fb4ce761349124a905586c7ffe2d7474b2b2a43b5c210bec311d7c12f",
  "pins" : [
    {
      "identity" : "swiftopenai",
      "kind" : "remoteSourceControl",
      "location" : "https://github.com/jamesrochabrun/SwiftOpenAI",
      "state" : {
        "branch" : "main",
        "revision" : "6f1a8dd2e3de348291c8565e04ef2bb59c4a8a0e"
      }
    }
  ],
  "version" : 3
}
